
Microsoft Visual Studio Solution File, Format Version 12.00
# Visual Studio Version 17
VisualStudioVersion = 17.14.36518.9 d17.14
MinimumVisualStudioVersion = 10.0.40219.1
Project("{FAE04EC0-301F-11D3-BF4B-00C04F79EFBC}") = "FNAScreenSaver", "FNAScreenSaver\FNAScreenSaver.csproj", "{01B54C13-443B-4768-B3DC-18EF561E153E}"
EndProject
Global
	GlobalSection(SolutionConfigurationPlatforms) = preSolution
		Debug|Any CPU = Debug|Any CPU
		Release|Any CPU = Release|Any CPU
	EndGlobalSection
	GlobalSection(ProjectConfigurationPlatforms) = postSolution
		{01B54C13-443B-4768-B3DC-18EF561E153E}.Debug|Any CPU.ActiveCfg = Debug|Any CPU
		{01B54C13-443B-4768-B3DC-18EF561E153E}.Debug|Any CPU.Build.0 = Debug|Any CPU
		{01B54C13-443B-4768-B3DC-18EF561E153E}.Release|Any CPU.ActiveCfg = Release|Any CPU
		{01B54C13-443B-4768-B3DC-18EF561E153E}.Release|Any CPU.Build.0 = Release|Any CPU
	EndGlobalSection
	GlobalSection(SolutionProperties) = preSolution
		HideSolutionNode = FALSE
	EndGlobalSection
	GlobalSection(ExtensibilityGlobals) = postSolution
		SolutionGuid = {7D227F27-8D96-4369-9555-206F668DEB38}
	EndGlobalSection
EndGlobal
